# This file is automatically @generated by Poetry 1.8.2 and should not be changed by hand.

[[package]]
name = "python-dotenv"
version = "1.0.1"
description = "Read key-value pairs from a .env file and set them as environment variables"
optional = false
python-versions = ">=3.8"
files = [
    {file = "python-dotenv-1.0.1.tar.gz", hash = "sha256:e324ee90a023d808f1959c46bcbc04446a10ced277783dc6ee09987c37ec10ca"},
    {file = "python_dotenv-1.0.1-py3-none-any.whl", hash = "sha256:f7b63ef50f1b690dddf550d03497b66d609393b40b564ed0d674909a68ebf16a"},
]

[package.extras]
cli = ["click (>=5.0)"]

[[package]]
name = "tapo"
version = "0.2.0"
description = "Unofficial Tapo API Client. Works with TP-Link Tapo smart devices. Tested with light bulbs (L510, L520, L610) and plugs (P100, P105, P110, P115)."
optional = false
python-versions = ">=3.8"
files = [
    {file = "tapo-0.2.0-cp310-cp310-macosx_10_12_x86_64.whl", hash = "sha256:b6b4c6a33cbb5c3722d1420ec77ae16fd3a039f16374854c07054eb7b153d7bf"},
    {file = "tapo-0.2.0-cp310-cp310-macosx_11_0_arm64.whl", hash = "sha256:f82bbe234007127f02d8bc92975c5457d2e340a02ac8667c3860a0a6d22adaa8"},
    {file = "tapo-0.2.0-cp310-cp310-manylinux_2_17_aarch64.manylinux2014_aarch64.whl", hash = "sha256:0f508012686ed200267a33c5e7866b4ccd6d1665e47d511ca341f7eefd2ee977"},
    {file = "tapo-0.2.0-cp310-cp310-manylinux_2_17_armv7l.manylinux2014_armv7l.whl", hash = "sha256:bfead4e8d762e3eacb02a9e3482a14d3b85615f41d9977478a13a8ef690eee62"},
    {file = "tapo-0.2.0-cp310-cp310-manylinux_2_17_i686.manylinux2014_i686.whl", hash = "sha256:de2dabeec07d36fee2f822332deb55998ac5b3aece29a6e55d2d1378b17cf879"},
    {file = "tapo-0.2.0-cp310-cp310-manylinux_2_17_ppc64le.manylinux2014_ppc64le.whl", hash = "sha256:99be56a4281d0c60f888fabe97626eff006401a5c1d1fc45bf501fb93c4f61b8"},
    {file = "tapo-0.2.0-cp310-cp310-manylinux_2_17_s390x.manylinux2014_s390x.whl", hash = "sha256:bc6f6a2ded58ee0100d5e236706d9308b188a6fa0596d1e69e4327e199f92e8b"},
    {file = "tapo-0.2.0-cp310-cp310-manylinux_2_17_x86_64.manylinux2014_x86_64.whl", hash = "sha256:ea1e09fe9f1e2c20842bf59c0a0acda7aedb6c154f42431d55369673d29c852d"},
    {file = "tapo-0.2.0-cp310-none-win32.whl", hash = "sha256:397fbb2b900d863e9f234fdc854341883fc8e8e224cb19308ec3729987c83bff"},
    {file = "tapo-0.2.0-cp310-none-win_amd64.whl", hash = "sha256:53378c0183f10f4631b8b185181e6e9f697d1f11fb3afb001db9e451a4c1b64a"},
    {file = "tapo-0.2.0-cp311-cp311-macosx_10_12_x86_64.whl", hash = "sha256:ca077488f93b89f7571e3e5e65031aeffd4937dd7a642d946398b068102d562e"},
    {file = "tapo-0.2.0-cp311-cp311-macosx_11_0_arm64.whl", hash = "sha256:50781ed897450e031a010a3174665f2c544c153a3dad0139f07264a8b45fdfb0"},
    {file = "tapo-0.2.0-cp311-cp311-manylinux_2_17_aarch64.manylinux2014_aarch64.whl", hash = "sha256:fa25b9e92a04ad19e56a9502dac6be387c2c30ae90b98838eba56fd01eebd8af"},
    {file = "tapo-0.2.0-cp311-cp311-manylinux_2_17_armv7l.manylinux2014_armv7l.whl", hash = "sha256:d6b59efaa51fbc1238607afd36add087c1d6ea5f667b6f67ca0843de84469d77"},
    {file = "tapo-0.2.0-cp311-cp311-manylinux_2_17_i686.manylinux2014_i686.whl", hash = "sha256:7a33e533fceedbc177ce26f61e5b9cbb53047e64c9daed5721316b68c21774e6"},
    {file = "tapo-0.2.0-cp311-cp311-manylinux_2_17_ppc64le.manylinux2014_ppc64le.whl", hash = "sha256:85b62bc39357bf60fccf39989db97f37f6520577e690ca0e974ee7c3c4da9dab"},
    {file = "tapo-0.2.0-cp311-cp311-manylinux_2_17_s390x.manylinux2014_s390x.whl", hash = "sha256:f37cbd48950ec8ec6547297720ec4e908346d40831982929c2a2ecf150fb5783"},
    {file = "tapo-0.2.0-cp311-cp311-manylinux_2_17_x86_64.manylinux2014_x86_64.whl", hash = "sha256:66b5730ecab24586c4f09c46f5b24e7c14106456f8f883a0341497dab8a9c85a"},
    {file = "tapo-0.2.0-cp311-none-win32.whl", hash = "sha256:c005a4af858329baf954a65a4979601bc9cc96f00e7a201c938342ebcad6b23b"},
    {file = "tapo-0.2.0-cp311-none-win_amd64.whl", hash = "sha256:50e7572bd46de28f13bf1e55209bf68bcbf84e263d1330044e16b12f2269da8f"},
    {file = "tapo-0.2.0-cp312-cp312-macosx_10_12_x86_64.whl", hash = "sha256:f2c1c9233875a60dceb6b0b7d941c1dff3104475e3d2c16b9111e0305879d90f"},
    {file = "tapo-0.2.0-cp312-cp312-macosx_11_0_arm64.whl", hash = "sha256:b87bfe854cd27e285043d724a35d02d6e9c2aae43f9793c683d92bf6416b6999"},
    {file = "tapo-0.2.0-cp312-cp312-manylinux_2_17_aarch64.manylinux2014_aarch64.whl", hash = "sha256:77c8130e0797b28b72b22f4b7ef8a765be1ec904bbc2349fb2185ea2c88f9c54"},
    {file = "tapo-0.2.0-cp312-cp312-manylinux_2_17_armv7l.manylinux2014_armv7l.whl", hash = "sha256:2dc0f3bc2d7c1108dedc1cda114d6477aa579689807300039aec84c74d313005"},
    {file = "tapo-0.2.0-cp312-cp312-manylinux_2_17_i686.manylinux2014_i686.whl", hash = "sha256:860f34949c4078b5f71b911be5859a46f303d2f0e75d072ea6c243aec9c92d4e"},
    {file = "tapo-0.2.0-cp312-cp312-manylinux_2_17_ppc64le.manylinux2014_ppc64le.whl", hash = "sha256:024e1463b15990bd04a8942fe9964db6c2fb9cfe5e4cdb8bc0d4dc0abb06f9d7"},
    {file = "tapo-0.2.0-cp312-cp312-manylinux_2_17_s390x.manylinux2014_s390x.whl", hash = "sha256:aca52674a6f9ff6b4dbf5fe1a5b59fe0bb3494d9459041e52da5cac3e0883018"},
    {file = "tapo-0.2.0-cp312-cp312-manylinux_2_17_x86_64.manylinux2014_x86_64.whl", hash = "sha256:05bc72d54389c066cc73784f11d00ab1dc84e12b586c5149d3359b470910fb08"},
    {file = "tapo-0.2.0-cp312-none-win32.whl", hash = "sha256:5267ca952a9e957540585c11afe47215171984cfb396f717e9731c500ae3a1bc"},
    {file = "tapo-0.2.0-cp312-none-win_amd64.whl", hash = "sha256:a6b9c66e48cf2d95711b5e3b665c04f061a61f27474f854e154db33bb28fc4e1"},
    {file = "tapo-0.2.0-cp313-cp313-manylinux_2_17_aarch64.manylinux2014_aarch64.whl", hash = "sha256:f3f575cdcf7032089b0d9976358314a416f88b36e0fbf4f33391db86cfa26786"},
    {file = "tapo-0.2.0-cp313-cp313-manylinux_2_17_armv7l.manylinux2014_armv7l.whl", hash = "sha256:4cbe12260c68e613ca68e41bfe0cafaf17be77f9d78d240c3f860b51ad7fb12d"},
    {file = "tapo-0.2.0-cp313-cp313-manylinux_2_17_ppc64le.manylinux2014_ppc64le.whl", hash = "sha256:028c24f4c979dbf420d0ca4e98ad3423e1daac181c91173813ebddfab1f71dcd"},
    {file = "tapo-0.2.0-cp313-cp313-manylinux_2_17_s390x.manylinux2014_s390x.whl", hash = "sha256:af2e64d90078e27a3fa8d97f877dfac096d613a489cd8351c8c2c420685bd8ed"},
    {file = "tapo-0.2.0-cp38-cp38-manylinux_2_17_aarch64.manylinux2014_aarch64.whl", hash = "sha256:d7d0eaffc6075a1030892eaf21fd4f89878cf3f434c8708879e92d924d103382"},
    {file = "tapo-0.2.0-cp38-cp38-manylinux_2_17_armv7l.manylinux2014_armv7l.whl", hash = "sha256:e961930734ba45def82888b9ad9becfef38bea941cacb772324104900f2b262b"},
    {file = "tapo-0.2.0-cp38-cp38-manylinux_2_17_i686.manylinux2014_i686.whl", hash = "sha256:7b961abdfa528e9c96e941444aed69701d491ef8bc55a677c720c77c1a941f2c"},
    {file = "tapo-0.2.0-cp38-cp38-manylinux_2_17_ppc64le.manylinux2014_ppc64le.whl", hash = "sha256:9521f270abe9c0d1fd5623415994ea08ae3c4412f825aaa2316350f5135ae65f"},
    {file = "tapo-0.2.0-cp38-cp38-manylinux_2_17_s390x.manylinux2014_s390x.whl", hash = "sha256:4a78fdc5dd13624102b7c01b55b50fd9ff36a43cb0e51db3635c47f509fe4643"},
    {file = "tapo-0.2.0-cp38-cp38-manylinux_2_17_x86_64.manylinux2014_x86_64.whl", hash = "sha256:fb033188d043150a710ab5e0174a047fc72ec64a26318a06385bfa92300ca389"},
    {file = "tapo-0.2.0-cp38-none-win32.whl", hash = "sha256:54bdc8b08b18b6c26588c72a84e9eec976c0fbe4670398e7223b230e7f9527dd"},
    {file = "tapo-0.2.0-cp38-none-win_amd64.whl", hash = "sha256:c0d21e7087a2c270c6a0165c91e2b564ff1aef7f7d37aa65c96a09e547602cc7"},
    {file = "tapo-0.2.0-cp39-cp39-manylinux_2_17_aarch64.manylinux2014_aarch64.whl", hash = "sha256:c7b29fde679b0125a6a3c1b73240713993686189fb76088a797ca2b226f74c8f"},
    {file = "tapo-0.2.0-cp39-cp39-manylinux_2_17_armv7l.manylinux2014_armv7l.whl", hash = "sha256:eb9cc6780accc69c71ee5f83ca0ccc0a13a7a9407f141d09e872f7538654cdaf"},
    {file = "tapo-0.2.0-cp39-cp39-manylinux_2_17_i686.manylinux2014_i686.whl", hash = "sha256:db6699fe42ad4b7be56b6c9a2652df4f669044614206c592b53594f1ee453b1d"},
    {file = "tapo-0.2.0-cp39-cp39-manylinux_2_17_ppc64le.manylinux2014_ppc64le.whl", hash = "sha256:d3ea47086651f2c7ed5737b264d17d8017d903b02645ecd4680d13b6fd339d91"},
    {file = "tapo-0.2.0-cp39-cp39-manylinux_2_17_s390x.manylinux2014_s390x.whl", hash = "sha256:8ad53cb57b585fa968cd38c8e79e7dc413322b15bd8204e23037aa342fea80a2"},
    {file = "tapo-0.2.0-cp39-cp39-manylinux_2_17_x86_64.manylinux2014_x86_64.whl", hash = "sha256:286f7a67f50e5adfb56aa8ff3fa1b8f620eb07fc4329c44c886dba4735c3c4fe"},
    {file = "tapo-0.2.0-cp39-none-win32.whl", hash = "sha256:48d04d423c11bc25bbcaf42c50302b2d50b5c48ffff6ddaa37f203dde877c2bd"},
    {file = "tapo-0.2.0-cp39-none-win_amd64.whl", hash = "sha256:f256be193ad6bcfcf28ece23b809f09e7c51da6e2d6dc2661888808f248838b0"},
    {file = "tapo-0.2.0-pp310-pypy310_pp73-manylinux_2_17_aarch64.manylinux2014_aarch64.whl", hash = "sha256:16f3a47efd0a989e3701c920b16fba44cbab3b2290643bc66424aa3ff065718d"},
    {file = "tapo-0.2.0-pp310-pypy310_pp73-manylinux_2_17_armv7l.manylinux2014_armv7l.whl", hash = "sha256:ff2494fbb805d1423fba08e6cf16301868c304261f7dbed340d40ccc03c55d14"},
    {file = "tapo-0.2.0-pp310-pypy310_pp73-manylinux_2_17_i686.manylinux2014_i686.whl", hash = "sha256:0e4eebd297fbc1b1cf1362936de076d56acb41a23abd272cd7843d515b5ea6ad"},
    {file = "tapo-0.2.0-pp310-pypy310_pp73-manylinux_2_17_ppc64le.manylinux2014_ppc64le.whl", hash = "sha256:4aeac48732ef17f1a19f3a0da9da58245380be46849d5c4c105bc039ad8a3e3e"},
    {file = "tapo-0.2.0-pp310-pypy310_pp73-manylinux_2_17_s390x.manylinux2014_s390x.whl", hash = "sha256:37d87f221812fbfa4de19835a7913a5788ed43d252b336fb35f961eb2ee822b8"},
    {file = "tapo-0.2.0-pp310-pypy310_pp73-manylinux_2_17_x86_64.manylinux2014_x86_64.whl", hash = "sha256:a5a7c5d1a4dc62f3b54b8e94db318181cb46e214553f2bc7e3f08363bbdd34b8"},
    {file = "tapo-0.2.0-pp38-pypy38_pp73-manylinux_2_17_aarch64.manylinux2014_aarch64.whl", hash = "sha256:c9480816eb2b6f15c80b6d4aa0c7a596dec9a6309c12a8a8226f26e19c7ead2f"},
    {file = "tapo-0.2.0-pp38-pypy38_pp73-manylinux_2_17_armv7l.manylinux2014_armv7l.whl", hash = "sha256:85c0401ce8e8d4a840a186b0656cdcd944089a31ef56ea1323cfb15768a062a9"},
    {file = "tapo-0.2.0-pp38-pypy38_pp73-manylinux_2_17_i686.manylinux2014_i686.whl", hash = "sha256:75eb43c5b32bc6db25e6fd07eca9ffd055d40e92b8aeb01ed568b15de6ac9d4f"},
    {file = "tapo-0.2.0-pp38-pypy38_pp73-manylinux_2_17_ppc64le.manylinux2014_ppc64le.whl", hash = "sha256:bc556995935b534d1ac838972bb3dcb9caac337372b218d4c687d4949821ed19"},
    {file = "tapo-0.2.0-pp38-pypy38_pp73-manylinux_2_17_s390x.manylinux2014_s390x.whl", hash = "sha256:6964f76da9433119799e9a856fd6218138bfa87b411ee82dd739b0b9d9874529"},
    {file = "tapo-0.2.0-pp38-pypy38_pp73-manylinux_2_17_x86_64.manylinux2014_x86_64.whl", hash = "sha256:ed23479bd7e2bc366c8bbae2ea500e4795790ad7406b5f739079922324f5f6a4"},
    {file = "tapo-0.2.0-pp39-pypy39_pp73-manylinux_2_17_aarch64.manylinux2014_aarch64.whl", hash = "sha256:f1b8c700c4b135f67d2af5de63dc3313f4d8cb65fa6939daa12928f4a23572f9"},
    {file = "tapo-0.2.0-pp39-pypy39_pp73-manylinux_2_17_armv7l.manylinux2014_armv7l.whl", hash = "sha256:01feedb377bb8f7222a33379dcbf82749c621a0a6dd4ad1e1032628e6652e416"},
    {file = "tapo-0.2.0-pp39-pypy39_pp73-manylinux_2_17_i686.manylinux2014_i686.whl", hash = "sha256:9c886a98f7fbfcbf79eb8e456426b0f3a91fef84c2c7f4d07736a8b0449f6ef1"},
    {file = "tapo-0.2.0-pp39-pypy39_pp73-manylinux_2_17_ppc64le.manylinux2014_ppc64le.whl", hash = "sha256:5cee964cf5414e433fdedd2ca14f2c2f708884ac64e2ed3c3c819a14de808639"},
    {file = "tapo-0.2.0-pp39-pypy39_pp73-manylinux_2_17_s390x.manylinux2014_s390x.whl", hash = "sha256:faa0af0073a94dd23e57416977d4dbede2515aa95ef67e5e2fef34b54ecf55cc"},
    {file = "tapo-0.2.0-pp39-pypy39_pp73-manylinux_2_17_x86_64.manylinux2014_x86_64.whl", hash = "sha256:1c22b6d4c1235f7824624a36aab8b2c461c91b376737581ac7e54331c6ebc3c3"},
    {file = "tapo-0.2.0.tar.gz", hash = "sha256:c3b652775ef45b7c5ceed76773a5b7739fc3f7226a6cfd1fb63d91102c80d185"},
]

[metadata]
lock-version = "2.0"
python-versions = "^3.11"
content-hash = "46e058bc9fa1f04485fe9da6d2db6954a06217d6422cd4a17038182bcf50c10a"
